
Microsoft Visual Studio Solution File, Format Version 12.00
# Visual Studio Version 16
VisualStudioVersion = 16.0.29409.12
MinimumVisualStudioVersion = 10.0.40219.1
Project("{FAE04EC0-301F-11D3-BF4B-00C04F79EFBC}") = "Joinrpg.Schedule.App.UWP", "Joinrpg.Schedule.App\Joinrpg.Schedule.App.UWP\Joinrpg.Schedule.App.UWP.csproj", "{3994FB2F-1F9B-4FC8-BAAE-7EEC48FE3400}"
EndProject
Project("{FAE04EC0-301F-11D3-BF4B-00C04F79EFBC}") = "Joinrpg.Schedule.App.Android", "Joinrpg.Schedule.App\Joinrpg.Schedule.App.Android\Joinrpg.Schedule.App.Android.csproj", "{7C0C5023-64DD-4170-B574-C400718A2EFB}"
EndProject
Project("{FAE04EC0-301F-11D3-BF4B-00C04F79EFBC}") = "Joinrpg.Schedule.App.iOS", "Joinrpg.Schedule.App\Joinrpg.Schedule.App.iOS\Joinrpg.Schedule.App.iOS.csproj", "{7849F1A0-DBA8-497A-A430-A91C1E8D7E28}"
EndProject
Project("{9A19103F-16F7-4668-BE54-9A1E7A4F7556}") = "Joinrpg.Schedule.App", "Joinrpg.Schedule.App\Joinrpg.Schedule.App\Joinrpg.Schedule.App.csproj", "{41641405-DEE0-464E-877B-7945B6D3E85C}"
EndProject
Project("{FAE04EC0-301F-11D3-BF4B-00C04F79EFBC}") = "JoinRpg.Web.XGameApi.Contract", "JoinRpg.Web.XGameApi.Contract\JoinRpg.Web.XGameApi.Contract.csproj", "{185AC139-1A4B-454D-A2D0-DAE06F6AFD31}"
EndProject
Project("{FAE04EC0-301F-11D3-BF4B-00C04F79EFBC}") = "Joinrpg.Web.XGameApi.Client", "Joinrpg.Web.XGameApi.Client\Joinrpg.Web.XGameApi.Client.csproj", "{4DF40238-C5B2-4990-BAC2-14F810AB97D9}"
EndProject
Global
	GlobalSection(SolutionConfigurationPlatforms) = preSolution
		Debug|Any CPU = Debug|Any CPU
		Debug|ARM = Debug|ARM
		Debug|iPhone = Debug|iPhone
		Debug|iPhoneSimulator = Debug|iPhoneSimulator
		Debug|x64 = Debug|x64
		Debug|x86 = Debug|x86
		Release|Any CPU = Release|Any CPU
		Release|ARM = Release|ARM
		Release|iPhone = Release|iPhone
		Release|iPhoneSimulator = Release|iPhoneSimulator
		Release|x64 = Release|x64
		Release|x86 = Release|x86
	EndGlobalSection
	GlobalSection(ProjectConfigurationPlatforms) = postSolution
		{3994FB2F-1F9B-4FC8-BAAE-7EEC48FE3400}.Debug|Any CPU.ActiveCfg = Debug|x86
		{3994FB2F-1F9B-4FC8-BAAE-7EEC48FE3400}.Debug|Any CPU.Build.0 = Debug|x86
		{3994FB2F-1F9B-4FC8-BAAE-7EEC48FE3400}.Debug|Any CPU.Deploy.0 = Debug|x86
		{3994FB2F-1F9B-4FC8-BAAE-7EEC48FE3400}.Debug|ARM.ActiveCfg = Debug|ARM
		{3994FB2F-1F9B-4FC8-BAAE-7EEC48FE3400}.Debug|ARM.Build.0 = Debug|ARM
		{3994FB2F-1F9B-4FC8-BAAE-7EEC48FE3400}.Debug|ARM.Deploy.0 = Debug|ARM
		{3994FB2F-1F9B-4FC8-BAAE-7EEC48FE3400}.Debug|iPhone.ActiveCfg = Debug|x86
		{3994FB2F-1F9B-4FC8-BAAE-7EEC48FE3400}.Debug|iPhone.Build.0 = Debug|x86
		{3994FB2F-1F9B-4FC8-BAAE-7EEC48FE3400}.Debug|iPhone.Deploy.0 = Debug|x86
		{3994FB2F-1F9B-4FC8-BAAE-7EEC48FE3400}.Debug|iPhoneSimulator.ActiveCfg = Debug|x86
		{3994FB2F-1F9B-4FC8-BAAE-7EEC48FE3400}.Debug|iPhoneSimulator.Build.0 = Debug|x86
		{3994FB2F-1F9B-4FC8-BAAE-7EEC48FE3400}.Debug|iPhoneSimulator.Deploy.0 = Debug|x86
		{3994FB2F-1F9B-4FC8-BAAE-7EEC48FE3400}.Debug|x64.ActiveCfg = Debug|x64
		{3994FB2F-1F9B-4FC8-BAAE-7EEC48FE3400}.Debug|x64.Build.0 = Debug|x64
		{3994FB2F-1F9B-4FC8-BAAE-7EEC48FE3400}.Debug|x64.Deploy.0 = Debug|x64
		{3994FB2F-1F9B-4FC8-BAAE-7EEC48FE3400}.Debug|x86.ActiveCfg = Debug|x86
		{3994FB2F-1F9B-4FC8-BAAE-7EEC48FE3400}.Debug|x86.Build.0 = Debug|x86
		{3994FB2F-1F9B-4FC8-BAAE-7EEC48FE3400}.Debug|x86.Deploy.0 = Debug|x86
		{3994FB2F-1F9B-4FC8-BAAE-7EEC48FE3400}.Release|Any CPU.ActiveCfg = Release|x86
		{3994FB2F-1F9B-4FC8-BAAE-7EEC48FE3400}.Release|Any CPU.Build.0 = Release|x86
		{3994FB2F-1F9B-4FC8-BAAE-7EEC48FE3400}.Release|Any CPU.Deploy.0 = Release|x86
		{3994FB2F-1F9B-4FC8-BAAE-7EEC48FE3400}.Release|ARM.ActiveCfg = Release|ARM
		{3994FB2F-1F9B-4FC8-BAAE-7EEC48FE3400}.Release|ARM.Build.0 = Release|ARM
		{3994FB2F-1F9B-4FC8-BAAE-7EEC48FE3400}.Release|ARM.Deploy.0 = Release|ARM
		{3994FB2F-1F9B-4FC8-BAAE-7EEC48FE3400}.Release|iPhone.ActiveCfg = Release|x86
		{3994FB2F-1F9B-4FC8-BAAE-7EEC48FE3400}.Release|iPhone.Build.0 = Release|x86
		{3994FB2F-1F9B-4FC8-BAAE-7EEC48FE3400}.Release|iPhone.Deploy.0 = Release|x86
		{3994FB2F-1F9B-4FC8-BAAE-7EEC48FE3400}.Release|iPhoneSimulator.ActiveCfg = Release|x86
		{3994FB2F-1F9B-4FC8-BAAE-7EEC48FE3400}.Release|iPhoneSimulator.Build.0 = Release|x86
		{3994FB2F-1F9B-4FC8-BAAE-7EEC48FE3400}.Release|iPhoneSimulator.Deploy.0 = Release|x86
		{3994FB2F-1F9B-4FC8-BAAE-7EEC48FE3400}.Release|x64.ActiveCfg = Release|x64
		{3994FB2F-1F9B-4FC8-BAAE-7EEC48FE3400}.Release|x64.Build.0 = Release|x64
		{3994FB2F-1F9B-4FC8-BAAE-7EEC48FE3400}.Release|x64.Deploy.0 = Release|x64
		{3994FB2F-1F9B-4FC8-BAAE-7EEC48FE3400}.Release|x86.ActiveCfg = Release|x86
		{3994FB2F-1F9B-4FC8-BAAE-7EEC48FE3400}.Release|x86.Build.0 = Release|x86
		{3994FB2F-1F9B-4FC8-BAAE-7EEC48FE3400}.Release|x86.Deploy.0 = Release|x86
		{7C0C5023-64DD-4170-B574-C400718A2EFB}.Debug|Any CPU.ActiveCfg = Debug|Any CPU
		{7C0C5023-64DD-4170-B574-C400718A2EFB}.Debug|Any CPU.Build.0 = Debug|Any CPU
		{7C0C5023-64DD-4170-B574-C400718A2EFB}.Debug|Any CPU.Deploy.0 = Debug|Any CPU
		{7C0C5023-64DD-4170-B574-C400718A2EFB}.Debug|ARM.ActiveCfg = Debug|Any CPU
		{7C0C5023-64DD-4170-B574-C400718A2EFB}.Debug|ARM.Build.0 = Debug|Any CPU
		{7C0C5023-64DD-4170-B574-C400718A2EFB}.Debug|ARM.Deploy.0 = Debug|Any CPU
		{7C0C5023-64DD-4170-B574-C400718A2EFB}.Debug|iPhone.ActiveCfg = Debug|Any CPU
		{7C0C5023-64DD-4170-B574-C400718A2EFB}.Debug|iPhone.Build.0 = Debug|Any CPU
		{7C0C5023-64DD-4170-B574-C400718A2EFB}.Debug|iPhone.Deploy.0 = Debug|Any CPU
		{7C0C5023-64DD-4170-B574-C400718A2EFB}.Debug|iPhoneSimulator.ActiveCfg = Debug|Any CPU
		{7C0C5023-64DD-4170-B574-C400718A2EFB}.Debug|iPhoneSimulator.Build.0 = Debug|Any CPU
		{7C0C5023-64DD-4170-B574-C400718A2EFB}.Debug|iPhoneSimulator.Deploy.0 = Debug|Any CPU
		{7C0C5023-64DD-4170-B574-C400718A2EFB}.Debug|x64.ActiveCfg = Debug|Any CPU
		{7C0C5023-64DD-4170-B574-C400718A2EFB}.Debug|x64.Build.0 = Debug|Any CPU
		{7C0C5023-64DD-4170-B574-C400718A2EFB}.Debug|x64.Deploy.0 = Debug|Any CPU
		{7C0C5023-64DD-4170-B574-C400718A2EFB}.Debug|x86.ActiveCfg = Debug|Any CPU
		{7C0C5023-64DD-4170-B574-C400718A2EFB}.Debug|x86.Build.0 = Debug|Any CPU
		{7C0C5023-64DD-4170-B574-C400718A2EFB}.Debug|x86.Deploy.0 = Debug|Any CPU
		{7C0C5023-64DD-4170-B574-C400718A2EFB}.Release|Any CPU.ActiveCfg = Release|Any CPU
		{7C0C5023-64DD-4170-B574-C400718A2EFB}.Release|Any CPU.Build.0 = Release|Any CPU
		{7C0C5023-64DD-4170-B574-C400718A2EFB}.Release|Any CPU.Deploy.0 = Release|Any CPU
		{7C0C5023-64DD-4170-B574-C400718A2EFB}.Release|ARM.ActiveCfg = Release|Any CPU
		{7C0C5023-64DD-4170-B574-C400718A2EFB}.Release|ARM.Build.0 = Release|Any CPU
		{7C0C5023-64DD-4170-B574-C400718A2EFB}.Release|ARM.Deploy.0 = Release|Any CPU
		{7C0C5023-64DD-4170-B574-C400718A2EFB}.Release|iPhone.ActiveCfg = Release|Any CPU
		{7C0C5023-64DD-4170-B574-C400718A2EFB}.Release|iPhone.Build.0 = Release|Any CPU
		{7C0C5023-64DD-4170-B574-C400718A2EFB}.Release|iPhone.Deploy.0 = Release|Any CPU
		{7C0C5023-64DD-4170-B574-C400718A2EFB}.Release|iPhoneSimulator.ActiveCfg = Release|Any CPU
		{7C0C5023-64DD-4170-B574-C400718A2EFB}.Release|iPhoneSimulator.Build.0 = Release|Any CPU
		{7C0C5023-64DD-4170-B574-C400718A2EFB}.Release|iPhoneSimulator.Deploy.0 = Release|Any CPU
		{7C0C5023-64DD-4170-B574-C400718A2EFB}.Release|x64.ActiveCfg = Release|Any CPU
		{7C0C5023-64DD-4170-B574-C400718A2EFB}.Release|x64.Build.0 = Release|Any CPU
		{7C0C5023-64DD-4170-B574-C400718A2EFB}.Release|x64.Deploy.0 = Release|Any CPU
		{7C0C5023-64DD-4170-B574-C400718A2EFB}.Release|x86.ActiveCfg = Release|Any CPU
		{7C0C5023-64DD-4170-B574-C400718A2EFB}.Release|x86.Build.0 = Release|Any CPU
		{7C0C5023-64DD-4170-B574-C400718A2EFB}.Release|x86.Deploy.0 = Release|Any CPU
		{7849F1A0-DBA8-497A-A430-A91C1E8D7E28}.Debug|Any CPU.ActiveCfg = Debug|iPhone
		{7849F1A0-DBA8-497A-A430-A91C1E8D7E28}.Debug|Any CPU.Build.0 = Debug|iPhone
		{7849F1A0-DBA8-497A-A430-A91C1E8D7E28}.Debug|Any CPU.Deploy.0 = Debug|iPhone
		{7849F1A0-DBA8-497A-A430-A91C1E8D7E28}.Debug|ARM.ActiveCfg = Debug|iPhoneSimulator
		{7849F1A0-DBA8-497A-A430-A91C1E8D7E28}.Debug|ARM.Build.0 = Debug|iPhoneSimulator
		{7849F1A0-DBA8-497A-A430-A91C1E8D7E28}.Debug|ARM.Deploy.0 = Debug|iPhoneSimulator
		{7849F1A0-DBA8-497A-A430-A91C1E8D7E28}.Debug|iPhone.ActiveCfg = Debug|iPhone
		{7849F1A0-DBA8-497A-A430-A91C1E8D7E28}.Debug|iPhone.Build.0 = Debug|iPhone
		{7849F1A0-DBA8-497A-A430-A91C1E8D7E28}.Debug|iPhone.Deploy.0 = Debug|iPhone
		{7849F1A0-DBA8-497A-A430-A91C1E8D7E28}.Debug|iPhoneSimulator.ActiveCfg = Debug|iPhoneSimulator
		{7849F1A0-DBA8-497A-A430-A91C1E8D7E28}.Debug|iPhoneSimulator.Build.0 = Debug|iPhoneSimulator
		{7849F1A0-DBA8-497A-A430-A91C1E8D7E28}.Debug|iPhoneSimulator.Deploy.0 = Debug|iPhoneSimulator
		{7849F1A0-DBA8-497A-A430-A91C1E8D7E28}.Debug|x64.ActiveCfg = Debug|iPhone
		{7849F1A0-DBA8-497A-A430-A91C1E8D7E28}.Debug|x64.Build.0 = Debug|iPhone
		{7849F1A0-DBA8-497A-A430-A91C1E8D7E28}.Debug|x64.Deploy.0 = Debug|iPhone
		{7849F1A0-DBA8-497A-A430-A91C1E8D7E28}.Debug|x86.ActiveCfg = Debug|iPhone
		{7849F1A0-DBA8-497A-A430-A91C1E8D7E28}.Debug|x86.Build.0 = Debug|iPhone
		{7849F1A0-DBA8-497A-A430-A91C1E8D7E28}.Debug|x86.Deploy.0 = Debug|iPhone
		{7849F1A0-DBA8-497A-A430-A91C1E8D7E28}.Release|Any CPU.ActiveCfg = Release|iPhone
		{7849F1A0-DBA8-497A-A430-A91C1E8D7E28}.Release|Any CPU.Build.0 = Release|iPhone
		{7849F1A0-DBA8-497A-A430-A91C1E8D7E28}.Release|Any CPU.Deploy.0 = Release|iPhone
		{7849F1A0-DBA8-497A-A430-A91C1E8D7E28}.Release|ARM.ActiveCfg = Release|iPhone
		{7849F1A0-DBA8-497A-A430-A91C1E8D7E28}.Release|ARM.Build.0 = Release|iPhone
		{7849F1A0-DBA8-497A-A430-A91C1E8D7E28}.Release|ARM.Deploy.0 = Release|iPhone
		{7849F1A0-DBA8-497A-A430-A91C1E8D7E28}.Release|iPhone.ActiveCfg = Release|iPhone
		{7849F1A0-DBA8-497A-A430-A91C1E8D7E28}.Release|iPhone.Build.0 = Release|iPhone
		{7849F1A0-DBA8-497A-A430-A91C1E8D7E28}.Release|iPhone.Deploy.0 = Release|iPhone
		{7849F1A0-DBA8-497A-A430-A91C1E8D7E28}.Release|iPhoneSimulator.ActiveCfg = Release|iPhoneSimulator
		{7849F1A0-DBA8-497A-A430-A91C1E8D7E28}.Release|iPhoneSimulator.Build.0 = Release|iPhoneSimulator
		{7849F1A0-DBA8-497A-A430-A91C1E8D7E28}.Release|iPhoneSimulator.Deploy.0 = Release|iPhoneSimulator
		{7849F1A0-DBA8-497A-A430-A91C1E8D7E28}.Release|x64.ActiveCfg = Release|iPhone
		{7849F1A0-DBA8-497A-A430-A91C1E8D7E28}.Release|x64.Build.0 = Release|iPhone
		{7849F1A0-DBA8-497A-A430-A91C1E8D7E28}.Release|x64.Deploy.0 = Release|iPhone
		{7849F1A0-DBA8-497A-A430-A91C1E8D7E28}.Release|x86.ActiveCfg = Release|iPhone
		{7849F1A0-DBA8-497A-A430-A91C1E8D7E28}.Release|x86.Build.0 = Release|iPhone
		{7849F1A0-DBA8-497A-A430-A91C1E8D7E28}.Release|x86.Deploy.0 = Release|iPhone
		{41641405-DEE0-464E-877B-7945B6D3E85C}.Debug|Any CPU.ActiveCfg = Debug|Any CPU
		{41641405-DEE0-464E-877B-7945B6D3E85C}.Debug|Any CPU.Build.0 = Debug|Any CPU
		{41641405-DEE0-464E-877B-7945B6D3E85C}.Debug|Any CPU.Deploy.0 = Debug|Any CPU
		{41641405-DEE0-464E-877B-7945B6D3E85C}.Debug|ARM.ActiveCfg = Debug|Any CPU
		{41641405-DEE0-464E-877B-7945B6D3E85C}.Debug|ARM.Build.0 = Debug|Any CPU
		{41641405-DEE0-464E-877B-7945B6D3E85C}.Debug|ARM.Deploy.0 = Debug|Any CPU
		{41641405-DEE0-464E-877B-7945B6D3E85C}.Debug|iPhone.ActiveCfg = Debug|Any CPU
		{41641405-DEE0-464E-877B-7945B6D3E85C}.Debug|iPhone.Build.0 = Debug|Any CPU
		{41641405-DEE0-464E-877B-7945B6D3E85C}.Debug|iPhone.Deploy.0 = Debug|Any CPU
		{41641405-DEE0-464E-877B-7945B6D3E85C}.Debug|iPhoneSimulator.ActiveCfg = Debug|Any CPU
		{41641405-DEE0-464E-877B-7945B6D3E85C}.Debug|iPhoneSimulator.Build.0 = Debug|Any CPU
		{41641405-DEE0-464E-877B-7945B6D3E85C}.Debug|iPhoneSimulator.Deploy.0 = Debug|Any CPU
		{41641405-DEE0-464E-877B-7945B6D3E85C}.Debug|x64.ActiveCfg = Debug|Any CPU
		{41641405-DEE0-464E-877B-7945B6D3E85C}.Debug|x64.Build.0 = Debug|Any CPU
		{41641405-DEE0-464E-877B-7945B6D3E85C}.Debug|x64.Deploy.0 = Debug|Any CPU
		{41641405-DEE0-464E-877B-7945B6D3E85C}.Debug|x86.ActiveCfg = Debug|Any CPU
		{41641405-DEE0-464E-877B-7945B6D3E85C}.Debug|x86.Build.0 = Debug|Any CPU
		{41641405-DEE0-464E-877B-7945B6D3E85C}.Debug|x86.Deploy.0 = Debug|Any CPU
		{41641405-DEE0-464E-877B-7945B6D3E85C}.Release|Any CPU.ActiveCfg = Release|Any CPU
		{41641405-DEE0-464E-877B-7945B6D3E85C}.Release|Any CPU.Build.0 = Release|Any CPU
		{41641405-DEE0-464E-877B-7945B6D3E85C}.Release|Any CPU.Deploy.0 = Release|Any CPU
		{41641405-DEE0-464E-877B-7945B6D3E85C}.Release|ARM.ActiveCfg = Release|Any CPU
		{41641405-DEE0-464E-877B-7945B6D3E85C}.Release|ARM.Build.0 = Release|Any CPU
		{41641405-DEE0-464E-877B-7945B6D3E85C}.Release|ARM.Deploy.0 = Release|Any CPU
		{41641405-DEE0-464E-877B-7945B6D3E85C}.Release|iPhone.ActiveCfg = Release|Any CPU
		{41641405-DEE0-464E-877B-7945B6D3E85C}.Release|iPhone.Build.0 = Release|Any CPU
		{41641405-DEE0-464E-877B-7945B6D3E85C}.Release|iPhone.Deploy.0 = Release|Any CPU
		{41641405-DEE0-464E-877B-7945B6D3E85C}.Release|iPhoneSimulator.ActiveCfg = Release|Any CPU
		{41641405-DEE0-464E-877B-7945B6D3E85C}.Release|iPhoneSimulator.Build.0 = Release|Any CPU
		{41641405-DEE0-464E-877B-7945B6D3E85C}.Release|iPhoneSimulator.Deploy.0 = Release|Any CPU
		{41641405-DEE0-464E-877B-7945B6D3E85C}.Release|x64.ActiveCfg = Release|Any CPU
		{41641405-DEE0-464E-877B-7945B6D3E85C}.Release|x64.Build.0 = Release|Any CPU
		{41641405-DEE0-464E-877B-7945B6D3E85C}.Release|x64.Deploy.0 = Release|Any CPU
		{41641405-DEE0-464E-877B-7945B6D3E85C}.Release|x86.ActiveCfg = Release|Any CPU
		{41641405-DEE0-464E-877B-7945B6D3E85C}.Release|x86.Build.0 = Release|Any CPU
		{41641405-DEE0-464E-877B-7945B6D3E85C}.Release|x86.Deploy.0 = Release|Any CPU
		{185AC139-1A4B-454D-A2D0-DAE06F6AFD31}.Debug|Any CPU.ActiveCfg = Debug|Any CPU
		{185AC139-1A4B-454D-A2D0-DAE06F6AFD31}.Debug|Any CPU.Build.0 = Debug|Any CPU
		{185AC139-1A4B-454D-A2D0-DAE06F6AFD31}.Debug|ARM.ActiveCfg = Debug|Any CPU
		{185AC139-1A4B-454D-A2D0-DAE06F6AFD31}.Debug|ARM.Build.0 = Debug|Any CPU
		{185AC139-1A4B-454D-A2D0-DAE06F6AFD31}.Debug|iPhone.ActiveCfg = Debug|Any CPU
		{185AC139-1A4B-454D-A2D0-DAE06F6AFD31}.Debug|iPhone.Build.0 = Debug|Any CPU
		{185AC139-1A4B-454D-A2D0-DAE06F6AFD31}.Debug|iPhoneSimulator.ActiveCfg = Debug|Any CPU
		{185AC139-1A4B-454D-A2D0-DAE06F6AFD31}.Debug|iPhoneSimulator.Build.0 = Debug|Any CPU
		{185AC139-1A4B-454D-A2D0-DAE06F6AFD31}.Debug|x64.ActiveCfg = Debug|Any CPU
		{185AC139-1A4B-454D-A2D0-DAE06F6AFD31}.Debug|x64.Build.0 = Debug|Any CPU
		{185AC139-1A4B-454D-A2D0-DAE06F6AFD31}.Debug|x86.ActiveCfg = Debug|Any CPU
		{185AC139-1A4B-454D-A2D0-DAE06F6AFD31}.Debug|x86.Build.0 = Debug|Any CPU
		{185AC139-1A4B-454D-A2D0-DAE06F6AFD31}.Release|Any CPU.ActiveCfg = Release|Any CPU
		{185AC139-1A4B-454D-A2D0-DAE06F6AFD31}.Release|Any CPU.Build.0 = Release|Any CPU
		{185AC139-1A4B-454D-A2D0-DAE06F6AFD31}.Release|ARM.ActiveCfg = Release|Any CPU
		{185AC139-1A4B-454D-A2D0-DAE06F6AFD31}.Release|ARM.Build.0 = Release|Any CPU
		{185AC139-1A4B-454D-A2D0-DAE06F6AFD31}.Release|iPhone.ActiveCfg = Release|Any CPU
		{185AC139-1A4B-454D-A2D0-DAE06F6AFD31}.Release|iPhone.Build.0 = Release|Any CPU
		{185AC139-1A4B-454D-A2D0-DAE06F6AFD31}.Release|iPhoneSimulator.ActiveCfg = Release|Any CPU
		{185AC139-1A4B-454D-A2D0-DAE06F6AFD31}.Release|iPhoneSimulator.Build.0 = Release|Any CPU
		{185AC139-1A4B-454D-A2D0-DAE06F6AFD31}.Release|x64.ActiveCfg = Release|Any CPU
		{185AC139-1A4B-454D-A2D0-DAE06F6AFD31}.Release|x64.Build.0 = Release|Any CPU
		{185AC139-1A4B-454D-A2D0-DAE06F6AFD31}.Release|x86.ActiveCfg = Release|Any CPU
		{185AC139-1A4B-454D-A2D0-DAE06F6AFD31}.Release|x86.Build.0 = Release|Any CPU
		{4DF40238-C5B2-4990-BAC2-14F810AB97D9}.Debug|Any CPU.ActiveCfg = Debug|Any CPU
		{4DF40238-C5B2-4990-BAC2-14F810AB97D9}.Debug|Any CPU.Build.0 = Debug|Any CPU
		{4DF40238-C5B2-4990-BAC2-14F810AB97D9}.Debug|ARM.ActiveCfg = Debug|Any CPU
		{4DF40238-C5B2-4990-BAC2-14F810AB97D9}.Debug|ARM.Build.0 = Debug|Any CPU
		{4DF40238-C5B2-4990-BAC2-14F810AB97D9}.Debug|iPhone.ActiveCfg = Debug|Any CPU
		{4DF40238-C5B2-4990-BAC2-14F810AB97D9}.Debug|iPhone.Build.0 = Debug|Any CPU
		{4DF40238-C5B2-4990-BAC2-14F810AB97D9}.Debug|iPhoneSimulator.ActiveCfg = Debug|Any CPU
		{4DF40238-C5B2-4990-BAC2-14F810AB97D9}.Debug|iPhoneSimulator.Build.0 = Debug|Any CPU
		{4DF40238-C5B2-4990-BAC2-14F810AB97D9}.Debug|x64.ActiveCfg = Debug|Any CPU
		{4DF40238-C5B2-4990-BAC2-14F810AB97D9}.Debug|x64.Build.0 = Debug|Any CPU
		{4DF40238-C5B2-4990-BAC2-14F810AB97D9}.Debug|x86.ActiveCfg = Debug|Any CPU
		{4DF40238-C5B2-4990-BAC2-14F810AB97D9}.Debug|x86.Build.0 = Debug|Any CPU
		{4DF40238-C5B2-4990-BAC2-14F810AB97D9}.Release|Any CPU.ActiveCfg = Release|Any CPU
		{4DF40238-C5B2-4990-BAC2-14F810AB97D9}.Release|Any CPU.Build.0 = Release|Any CPU
		{4DF40238-C5B2-4990-BAC2-14F810AB97D9}.Release|ARM.ActiveCfg = Release|Any CPU
		{4DF40238-C5B2-4990-BAC2-14F810AB97D9}.Release|ARM.Build.0 = Release|Any CPU
		{4DF40238-C5B2-4990-BAC2-14F810AB97D9}.Release|iPhone.ActiveCfg = Release|Any CPU
		{4DF40238-C5B2-4990-BAC2-14F810AB97D9}.Release|iPhone.Build.0 = Release|Any CPU
		{4DF40238-C5B2-4990-BAC2-14F810AB97D9}.Release|iPhoneSimulator.ActiveCfg = Release|Any CPU
		{4DF40238-C5B2-4990-BAC2-14F810AB97D9}.Release|iPhoneSimulator.Build.0 = Release|Any CPU
		{4DF40238-C5B2-4990-BAC2-14F810AB97D9}.Release|x64.ActiveCfg = Release|Any CPU
		{4DF40238-C5B2-4990-BAC2-14F810AB97D9}.Release|x64.Build.0 = Release|Any CPU
		{4DF40238-C5B2-4990-BAC2-14F810AB97D9}.Release|x86.ActiveCfg = Release|Any CPU
		{4DF40238-C5B2-4990-BAC2-14F810AB97D9}.Release|x86.Build.0 = Release|Any CPU
	EndGlobalSection
	GlobalSection(SolutionProperties) = preSolution
		HideSolutionNode = FALSE
	EndGlobalSection
	GlobalSection(ExtensibilityGlobals) = postSolution
		SolutionGuid = {45A82824-E4A6-4854-B2BE-6D532811B5B7}
	EndGlobalSection
EndGlobal
