
Microsoft Visual Studio Solution File, Format Version 12.00
# Visual Studio Version 17
VisualStudioVersion = 17.4.33110.190
MinimumVisualStudioVersion = 10.0.40219.1
Project("{9A19103F-16F7-4668-BE54-9A1E7A4F7556}") = "JoinRpg.Web.XGameApi.Contract", "JoinRpg.Web.XGameApi.Contract\JoinRpg.Web.XGameApi.Contract.csproj", "{185AC139-1A4B-454D-A2D0-DAE06F6AFD31}"
EndProject
Project("{9A19103F-16F7-4668-BE54-9A1E7A4F7556}") = "Joinrpg.Web.XGameApi.Client", "Joinrpg.Web.XGameApi.Client\Joinrpg.Web.XGameApi.Client.csproj", "{4DF40238-C5B2-4990-BAC2-14F810AB97D9}"
EndProject
Project("{9A19103F-16F7-4668-BE54-9A1E7A4F7556}") = "Joinrpg.Schedule.App.Services.Interfaces", "Joinrpg.Schedule.App.Services.Interfaces\Joinrpg.Schedule.App.Services.Interfaces.csproj", "{D0AB90CF-550B-4B8B-9853-FF3DFC91C071}"
EndProject
Project("{9A19103F-16F7-4668-BE54-9A1E7A4F7556}") = "Joinrpg.Schedule.Services.Impl", "Joinrpg.Schedule.Services.Impl\Joinrpg.Schedule.Services.Impl.csproj", "{554749EA-D4CC-489D-82B0-0DA3FA7238F6}"
EndProject
Project("{2150E333-8FDC-42A3-9474-1A3956D46DE8}") = "Solution Items", "Solution Items", "{9590B7CD-37D7-465F-B6E7-3D2EFDB059B8}"
	ProjectSection(SolutionItems) = preProject
		..\.github\dependabot.yml = ..\.github\dependabot.yml
	EndProjectSection
EndProject
Project("{9A19103F-16F7-4668-BE54-9A1E7A4F7556}") = "Joinrpg.Schedule.Main", "Joinrpg.Schedule.Main\Joinrpg.Schedule.Main.csproj", "{55039113-8FDB-4673-9240-76143A331029}"
EndProject
Global
	GlobalSection(SolutionConfigurationPlatforms) = preSolution
		Debug|Any CPU = Debug|Any CPU
		Debug|ARM = Debug|ARM
		Debug|iPhone = Debug|iPhone
		Debug|iPhoneSimulator = Debug|iPhoneSimulator
		Debug|x64 = Debug|x64
		Debug|x86 = Debug|x86
		Release|Any CPU = Release|Any CPU
		Release|ARM = Release|ARM
		Release|iPhone = Release|iPhone
		Release|iPhoneSimulator = Release|iPhoneSimulator
		Release|x64 = Release|x64
		Release|x86 = Release|x86
	EndGlobalSection
	GlobalSection(ProjectConfigurationPlatforms) = postSolution
		{185AC139-1A4B-454D-A2D0-DAE06F6AFD31}.Debug|Any CPU.ActiveCfg = Debug|Any CPU
		{185AC139-1A4B-454D-A2D0-DAE06F6AFD31}.Debug|Any CPU.Build.0 = Debug|Any CPU
		{185AC139-1A4B-454D-A2D0-DAE06F6AFD31}.Debug|ARM.ActiveCfg = Debug|Any CPU
		{185AC139-1A4B-454D-A2D0-DAE06F6AFD31}.Debug|ARM.Build.0 = Debug|Any CPU
		{185AC139-1A4B-454D-A2D0-DAE06F6AFD31}.Debug|iPhone.ActiveCfg = Debug|Any CPU
		{185AC139-1A4B-454D-A2D0-DAE06F6AFD31}.Debug|iPhone.Build.0 = Debug|Any CPU
		{185AC139-1A4B-454D-A2D0-DAE06F6AFD31}.Debug|iPhoneSimulator.ActiveCfg = Debug|Any CPU
		{185AC139-1A4B-454D-A2D0-DAE06F6AFD31}.Debug|iPhoneSimulator.Build.0 = Debug|Any CPU
		{185AC139-1A4B-454D-A2D0-DAE06F6AFD31}.Debug|x64.ActiveCfg = Debug|Any CPU
		{185AC139-1A4B-454D-A2D0-DAE06F6AFD31}.Debug|x64.Build.0 = Debug|Any CPU
		{185AC139-1A4B-454D-A2D0-DAE06F6AFD31}.Debug|x86.ActiveCfg = Debug|Any CPU
		{185AC139-1A4B-454D-A2D0-DAE06F6AFD31}.Debug|x86.Build.0 = Debug|Any CPU
		{185AC139-1A4B-454D-A2D0-DAE06F6AFD31}.Release|Any CPU.ActiveCfg = Release|Any CPU
		{185AC139-1A4B-454D-A2D0-DAE06F6AFD31}.Release|Any CPU.Build.0 = Release|Any CPU
		{185AC139-1A4B-454D-A2D0-DAE06F6AFD31}.Release|ARM.ActiveCfg = Release|Any CPU
		{185AC139-1A4B-454D-A2D0-DAE06F6AFD31}.Release|ARM.Build.0 = Release|Any CPU
		{185AC139-1A4B-454D-A2D0-DAE06F6AFD31}.Release|iPhone.ActiveCfg = Release|Any CPU
		{185AC139-1A4B-454D-A2D0-DAE06F6AFD31}.Release|iPhone.Build.0 = Release|Any CPU
		{185AC139-1A4B-454D-A2D0-DAE06F6AFD31}.Release|iPhoneSimulator.ActiveCfg = Release|Any CPU
		{185AC139-1A4B-454D-A2D0-DAE06F6AFD31}.Release|iPhoneSimulator.Build.0 = Release|Any CPU
		{185AC139-1A4B-454D-A2D0-DAE06F6AFD31}.Release|x64.ActiveCfg = Release|Any CPU
		{185AC139-1A4B-454D-A2D0-DAE06F6AFD31}.Release|x64.Build.0 = Release|Any CPU
		{185AC139-1A4B-454D-A2D0-DAE06F6AFD31}.Release|x86.ActiveCfg = Release|Any CPU
		{185AC139-1A4B-454D-A2D0-DAE06F6AFD31}.Release|x86.Build.0 = Release|Any CPU
		{4DF40238-C5B2-4990-BAC2-14F810AB97D9}.Debug|Any CPU.ActiveCfg = Debug|Any CPU
		{4DF40238-C5B2-4990-BAC2-14F810AB97D9}.Debug|Any CPU.Build.0 = Debug|Any CPU
		{4DF40238-C5B2-4990-BAC2-14F810AB97D9}.Debug|ARM.ActiveCfg = Debug|Any CPU
		{4DF40238-C5B2-4990-BAC2-14F810AB97D9}.Debug|ARM.Build.0 = Debug|Any CPU
		{4DF40238-C5B2-4990-BAC2-14F810AB97D9}.Debug|iPhone.ActiveCfg = Debug|Any CPU
		{4DF40238-C5B2-4990-BAC2-14F810AB97D9}.Debug|iPhone.Build.0 = Debug|Any CPU
		{4DF40238-C5B2-4990-BAC2-14F810AB97D9}.Debug|iPhoneSimulator.ActiveCfg = Debug|Any CPU
		{4DF40238-C5B2-4990-BAC2-14F810AB97D9}.Debug|iPhoneSimulator.Build.0 = Debug|Any CPU
		{4DF40238-C5B2-4990-BAC2-14F810AB97D9}.Debug|x64.ActiveCfg = Debug|Any CPU
		{4DF40238-C5B2-4990-BAC2-14F810AB97D9}.Debug|x64.Build.0 = Debug|Any CPU
		{4DF40238-C5B2-4990-BAC2-14F810AB97D9}.Debug|x86.ActiveCfg = Debug|Any CPU
		{4DF40238-C5B2-4990-BAC2-14F810AB97D9}.Debug|x86.Build.0 = Debug|Any CPU
		{4DF40238-C5B2-4990-BAC2-14F810AB97D9}.Release|Any CPU.ActiveCfg = Release|Any CPU
		{4DF40238-C5B2-4990-BAC2-14F810AB97D9}.Release|Any CPU.Build.0 = Release|Any CPU
		{4DF40238-C5B2-4990-BAC2-14F810AB97D9}.Release|ARM.ActiveCfg = Release|Any CPU
		{4DF40238-C5B2-4990-BAC2-14F810AB97D9}.Release|ARM.Build.0 = Release|Any CPU
		{4DF40238-C5B2-4990-BAC2-14F810AB97D9}.Release|iPhone.ActiveCfg = Release|Any CPU
		{4DF40238-C5B2-4990-BAC2-14F810AB97D9}.Release|iPhone.Build.0 = Release|Any CPU
		{4DF40238-C5B2-4990-BAC2-14F810AB97D9}.Release|iPhoneSimulator.ActiveCfg = Release|Any CPU
		{4DF40238-C5B2-4990-BAC2-14F810AB97D9}.Release|iPhoneSimulator.Build.0 = Release|Any CPU
		{4DF40238-C5B2-4990-BAC2-14F810AB97D9}.Release|x64.ActiveCfg = Release|Any CPU
		{4DF40238-C5B2-4990-BAC2-14F810AB97D9}.Release|x64.Build.0 = Release|Any CPU
		{4DF40238-C5B2-4990-BAC2-14F810AB97D9}.Release|x86.ActiveCfg = Release|Any CPU
		{4DF40238-C5B2-4990-BAC2-14F810AB97D9}.Release|x86.Build.0 = Release|Any CPU
		{D0AB90CF-550B-4B8B-9853-FF3DFC91C071}.Debug|Any CPU.ActiveCfg = Debug|Any CPU
		{D0AB90CF-550B-4B8B-9853-FF3DFC91C071}.Debug|Any CPU.Build.0 = Debug|Any CPU
		{D0AB90CF-550B-4B8B-9853-FF3DFC91C071}.Debug|ARM.ActiveCfg = Debug|Any CPU
		{D0AB90CF-550B-4B8B-9853-FF3DFC91C071}.Debug|ARM.Build.0 = Debug|Any CPU
		{D0AB90CF-550B-4B8B-9853-FF3DFC91C071}.Debug|iPhone.ActiveCfg = Debug|Any CPU
		{D0AB90CF-550B-4B8B-9853-FF3DFC91C071}.Debug|iPhone.Build.0 = Debug|Any CPU
		{D0AB90CF-550B-4B8B-9853-FF3DFC91C071}.Debug|iPhoneSimulator.ActiveCfg = Debug|Any CPU
		{D0AB90CF-550B-4B8B-9853-FF3DFC91C071}.Debug|iPhoneSimulator.Build.0 = Debug|Any CPU
		{D0AB90CF-550B-4B8B-9853-FF3DFC91C071}.Debug|x64.ActiveCfg = Debug|Any CPU
		{D0AB90CF-550B-4B8B-9853-FF3DFC91C071}.Debug|x64.Build.0 = Debug|Any CPU
		{D0AB90CF-550B-4B8B-9853-FF3DFC91C071}.Debug|x86.ActiveCfg = Debug|Any CPU
		{D0AB90CF-550B-4B8B-9853-FF3DFC91C071}.Debug|x86.Build.0 = Debug|Any CPU
		{D0AB90CF-550B-4B8B-9853-FF3DFC91C071}.Release|Any CPU.ActiveCfg = Release|Any CPU
		{D0AB90CF-550B-4B8B-9853-FF3DFC91C071}.Release|Any CPU.Build.0 = Release|Any CPU
		{D0AB90CF-550B-4B8B-9853-FF3DFC91C071}.Release|ARM.ActiveCfg = Release|Any CPU
		{D0AB90CF-550B-4B8B-9853-FF3DFC91C071}.Release|ARM.Build.0 = Release|Any CPU
		{D0AB90CF-550B-4B8B-9853-FF3DFC91C071}.Release|iPhone.ActiveCfg = Release|Any CPU
		{D0AB90CF-550B-4B8B-9853-FF3DFC91C071}.Release|iPhone.Build.0 = Release|Any CPU
		{D0AB90CF-550B-4B8B-9853-FF3DFC91C071}.Release|iPhoneSimulator.ActiveCfg = Release|Any CPU
		{D0AB90CF-550B-4B8B-9853-FF3DFC91C071}.Release|iPhoneSimulator.Build.0 = Release|Any CPU
		{D0AB90CF-550B-4B8B-9853-FF3DFC91C071}.Release|x64.ActiveCfg = Release|Any CPU
		{D0AB90CF-550B-4B8B-9853-FF3DFC91C071}.Release|x64.Build.0 = Release|Any CPU
		{D0AB90CF-550B-4B8B-9853-FF3DFC91C071}.Release|x86.ActiveCfg = Release|Any CPU
		{D0AB90CF-550B-4B8B-9853-FF3DFC91C071}.Release|x86.Build.0 = Release|Any CPU
		{554749EA-D4CC-489D-82B0-0DA3FA7238F6}.Debug|Any CPU.ActiveCfg = Debug|Any CPU
		{554749EA-D4CC-489D-82B0-0DA3FA7238F6}.Debug|Any CPU.Build.0 = Debug|Any CPU
		{554749EA-D4CC-489D-82B0-0DA3FA7238F6}.Debug|ARM.ActiveCfg = Debug|Any CPU
		{554749EA-D4CC-489D-82B0-0DA3FA7238F6}.Debug|ARM.Build.0 = Debug|Any CPU
		{554749EA-D4CC-489D-82B0-0DA3FA7238F6}.Debug|iPhone.ActiveCfg = Debug|Any CPU
		{554749EA-D4CC-489D-82B0-0DA3FA7238F6}.Debug|iPhone.Build.0 = Debug|Any CPU
		{554749EA-D4CC-489D-82B0-0DA3FA7238F6}.Debug|iPhoneSimulator.ActiveCfg = Debug|Any CPU
		{554749EA-D4CC-489D-82B0-0DA3FA7238F6}.Debug|iPhoneSimulator.Build.0 = Debug|Any CPU
		{554749EA-D4CC-489D-82B0-0DA3FA7238F6}.Debug|x64.ActiveCfg = Debug|Any CPU
		{554749EA-D4CC-489D-82B0-0DA3FA7238F6}.Debug|x64.Build.0 = Debug|Any CPU
		{554749EA-D4CC-489D-82B0-0DA3FA7238F6}.Debug|x86.ActiveCfg = Debug|Any CPU
		{554749EA-D4CC-489D-82B0-0DA3FA7238F6}.Debug|x86.Build.0 = Debug|Any CPU
		{554749EA-D4CC-489D-82B0-0DA3FA7238F6}.Release|Any CPU.ActiveCfg = Release|Any CPU
		{554749EA-D4CC-489D-82B0-0DA3FA7238F6}.Release|Any CPU.Build.0 = Release|Any CPU
		{554749EA-D4CC-489D-82B0-0DA3FA7238F6}.Release|ARM.ActiveCfg = Release|Any CPU
		{554749EA-D4CC-489D-82B0-0DA3FA7238F6}.Release|ARM.Build.0 = Release|Any CPU
		{554749EA-D4CC-489D-82B0-0DA3FA7238F6}.Release|iPhone.ActiveCfg = Release|Any CPU
		{554749EA-D4CC-489D-82B0-0DA3FA7238F6}.Release|iPhone.Build.0 = Release|Any CPU
		{554749EA-D4CC-489D-82B0-0DA3FA7238F6}.Release|iPhoneSimulator.ActiveCfg = Release|Any CPU
		{554749EA-D4CC-489D-82B0-0DA3FA7238F6}.Release|iPhoneSimulator.Build.0 = Release|Any CPU
		{554749EA-D4CC-489D-82B0-0DA3FA7238F6}.Release|x64.ActiveCfg = Release|Any CPU
		{554749EA-D4CC-489D-82B0-0DA3FA7238F6}.Release|x64.Build.0 = Release|Any CPU
		{554749EA-D4CC-489D-82B0-0DA3FA7238F6}.Release|x86.ActiveCfg = Release|Any CPU
		{554749EA-D4CC-489D-82B0-0DA3FA7238F6}.Release|x86.Build.0 = Release|Any CPU
		{55039113-8FDB-4673-9240-76143A331029}.Debug|Any CPU.ActiveCfg = Debug|Any CPU
		{55039113-8FDB-4673-9240-76143A331029}.Debug|Any CPU.Build.0 = Debug|Any CPU
		{55039113-8FDB-4673-9240-76143A331029}.Debug|Any CPU.Deploy.0 = Debug|Any CPU
		{55039113-8FDB-4673-9240-76143A331029}.Debug|ARM.ActiveCfg = Debug|Any CPU
		{55039113-8FDB-4673-9240-76143A331029}.Debug|ARM.Build.0 = Debug|Any CPU
		{55039113-8FDB-4673-9240-76143A331029}.Debug|ARM.Deploy.0 = Debug|Any CPU
		{55039113-8FDB-4673-9240-76143A331029}.Debug|iPhone.ActiveCfg = Debug|Any CPU
		{55039113-8FDB-4673-9240-76143A331029}.Debug|iPhone.Build.0 = Debug|Any CPU
		{55039113-8FDB-4673-9240-76143A331029}.Debug|iPhone.Deploy.0 = Debug|Any CPU
		{55039113-8FDB-4673-9240-76143A331029}.Debug|iPhoneSimulator.ActiveCfg = Debug|Any CPU
		{55039113-8FDB-4673-9240-76143A331029}.Debug|iPhoneSimulator.Build.0 = Debug|Any CPU
		{55039113-8FDB-4673-9240-76143A331029}.Debug|iPhoneSimulator.Deploy.0 = Debug|Any CPU
		{55039113-8FDB-4673-9240-76143A331029}.Debug|x64.ActiveCfg = Debug|Any CPU
		{55039113-8FDB-4673-9240-76143A331029}.Debug|x64.Build.0 = Debug|Any CPU
		{55039113-8FDB-4673-9240-76143A331029}.Debug|x64.Deploy.0 = Debug|Any CPU
		{55039113-8FDB-4673-9240-76143A331029}.Debug|x86.ActiveCfg = Debug|Any CPU
		{55039113-8FDB-4673-9240-76143A331029}.Debug|x86.Build.0 = Debug|Any CPU
		{55039113-8FDB-4673-9240-76143A331029}.Debug|x86.Deploy.0 = Debug|Any CPU
		{55039113-8FDB-4673-9240-76143A331029}.Release|Any CPU.ActiveCfg = Release|Any CPU
		{55039113-8FDB-4673-9240-76143A331029}.Release|Any CPU.Build.0 = Release|Any CPU
		{55039113-8FDB-4673-9240-76143A331029}.Release|Any CPU.Deploy.0 = Release|Any CPU
		{55039113-8FDB-4673-9240-76143A331029}.Release|ARM.ActiveCfg = Release|Any CPU
		{55039113-8FDB-4673-9240-76143A331029}.Release|ARM.Build.0 = Release|Any CPU
		{55039113-8FDB-4673-9240-76143A331029}.Release|ARM.Deploy.0 = Release|Any CPU
		{55039113-8FDB-4673-9240-76143A331029}.Release|iPhone.ActiveCfg = Release|Any CPU
		{55039113-8FDB-4673-9240-76143A331029}.Release|iPhone.Build.0 = Release|Any CPU
		{55039113-8FDB-4673-9240-76143A331029}.Release|iPhone.Deploy.0 = Release|Any CPU
		{55039113-8FDB-4673-9240-76143A331029}.Release|iPhoneSimulator.ActiveCfg = Release|Any CPU
		{55039113-8FDB-4673-9240-76143A331029}.Release|iPhoneSimulator.Build.0 = Release|Any CPU
		{55039113-8FDB-4673-9240-76143A331029}.Release|iPhoneSimulator.Deploy.0 = Release|Any CPU
		{55039113-8FDB-4673-9240-76143A331029}.Release|x64.ActiveCfg = Release|Any CPU
		{55039113-8FDB-4673-9240-76143A331029}.Release|x64.Build.0 = Release|Any CPU
		{55039113-8FDB-4673-9240-76143A331029}.Release|x64.Deploy.0 = Release|Any CPU
		{55039113-8FDB-4673-9240-76143A331029}.Release|x86.ActiveCfg = Release|Any CPU
		{55039113-8FDB-4673-9240-76143A331029}.Release|x86.Build.0 = Release|Any CPU
		{55039113-8FDB-4673-9240-76143A331029}.Release|x86.Deploy.0 = Release|Any CPU
	EndGlobalSection
	GlobalSection(SolutionProperties) = preSolution
		HideSolutionNode = FALSE
	EndGlobalSection
	GlobalSection(ExtensibilityGlobals) = postSolution
		SolutionGuid = {45A82824-E4A6-4854-B2BE-6D532811B5B7}
	EndGlobalSection
EndGlobal
